Microsoft Visual Studio Solution File, Format Version 12.00
# Visual Studio Version 17
VisualStudioVersion = 17.5.2.0
MinimumVisualStudioVersion = 10.0.40219.1
Project("{FAE04EC0-301F-11D3-BF4B-00C04F79EFBC}") = "gearlist.studio", "gearlist.studio.csproj", "{346E5874-3548-A036-3466-7DC884A99846}"
EndProject
Project("{2150E333-8FDC-42A3-9474-1A3956D46DE8}") = "src", "src", "{827E0CD3-B72D-47B6-A68D-7590B98EB39B}"
EndProject
Project("{2150E333-8FDC-42A3-9474-1A3956D46DE8}") = "server", "server", "{E6B48023-E680-40DA-9E17-319585C26937}"
EndProject
Project("{FAE04EC0-301F-11D3-BF4B-00C04F79EFBC}") = "Host", "src\server\Host\Host.csproj", "{4DB8E75D-E7C8-D21A-AAE2-DEC8721CD246}"
EndProject
Project("{FAE04EC0-301F-11D3-BF4B-00C04F79EFBC}") = "Models", "src\server\Models\Models.csproj", "{A1B2C3D4-E5F6-7890-ABCD-EF1234567890}"
EndProject
Project("{FAE04EC0-301F-11D3-BF4B-00C04F79EFBC}") = "Data", "src\server\Data\Data.csproj", "{B2C3D4E5-F6A7-8901-BCDE-F12345678901}"
EndProject
Project("{FAE04EC0-301F-11D3-BF4B-00C04F79EFBC}") = "Services", "src\server\Services\Services.csproj", "{C3D4E5F6-A7B8-9012-CDEF-123456789012}"
EndProject
Global
	GlobalSection(SolutionConfigurationPlatforms) = preSolution
		Debug|Any CPU = Debug|Any CPU
		Release|Any CPU = Release|Any CPU
	EndGlobalSection
	GlobalSection(ProjectConfigurationPlatforms) = postSolution
		{346E5874-3548-A036-3466-7DC884A99846}.Debug|Any CPU.ActiveCfg = Debug|Any CPU
		{346E5874-3548-A036-3466-7DC884A99846}.Debug|Any CPU.Build.0 = Debug|Any CPU
		{346E5874-3548-A036-3466-7DC884A99846}.Release|Any CPU.ActiveCfg = Release|Any CPU
		{346E5874-3548-A036-3466-7DC884A99846}.Release|Any CPU.Build.0 = Release|Any CPU
		{4DB8E75D-E7C8-D21A-AAE2-DEC8721CD246}.Debug|Any CPU.ActiveCfg = Debug|Any CPU
		{4DB8E75D-E7C8-D21A-AAE2-DEC8721CD246}.Debug|Any CPU.Build.0 = Debug|Any CPU
		{4DB8E75D-E7C8-D21A-AAE2-DEC8721CD246}.Release|Any CPU.ActiveCfg = Release|Any CPU
		{4DB8E75D-E7C8-D21A-AAE2-DEC8721CD246}.Release|Any CPU.Build.0 = Release|Any CPU
		{A1B2C3D4-E5F6-7890-ABCD-EF1234567890}.Debug|Any CPU.ActiveCfg = Debug|Any CPU
		{A1B2C3D4-E5F6-7890-ABCD-EF1234567890}.Debug|Any CPU.Build.0 = Debug|Any CPU
		{A1B2C3D4-E5F6-7890-ABCD-EF1234567890}.Release|Any CPU.ActiveCfg = Release|Any CPU
		{A1B2C3D4-E5F6-7890-ABCD-EF1234567890}.Release|Any CPU.Build.0 = Release|Any CPU
		{B2C3D4E5-F6A7-8901-BCDE-F12345678901}.Debug|Any CPU.ActiveCfg = Debug|Any CPU
		{B2C3D4E5-F6A7-8901-BCDE-F12345678901}.Debug|Any CPU.Build.0 = Debug|Any CPU
		{B2C3D4E5-F6A7-8901-BCDE-F12345678901}.Release|Any CPU.ActiveCfg = Release|Any CPU
		{B2C3D4E5-F6A7-8901-BCDE-F12345678901}.Release|Any CPU.Build.0 = Release|Any CPU
		{C3D4E5F6-A7B8-9012-CDEF-123456789012}.Debug|Any CPU.ActiveCfg = Debug|Any CPU
		{C3D4E5F6-A7B8-9012-CDEF-123456789012}.Debug|Any CPU.Build.0 = Debug|Any CPU
		{C3D4E5F6-A7B8-9012-CDEF-123456789012}.Release|Any CPU.ActiveCfg = Release|Any CPU
		{C3D4E5F6-A7B8-9012-CDEF-123456789012}.Release|Any CPU.Build.0 = Release|Any CPU
	EndGlobalSection
	GlobalSection(SolutionProperties) = preSolution
		HideSolutionNode = FALSE
	EndGlobalSection
	GlobalSection(NestedProjects) = preSolution
		{E6B48023-E680-40DA-9E17-319585C26937} = {827E0CD3-B72D-47B6-A68D-7590B98EB39B}
		{4DB8E75D-E7C8-D21A-AAE2-DEC8721CD246} = {E6B48023-E680-40DA-9E17-319585C26937}
		{A1B2C3D4-E5F6-7890-ABCD-EF1234567890} = {E6B48023-E680-40DA-9E17-319585C26937}
		{B2C3D4E5-F6A7-8901-BCDE-F12345678901} = {E6B48023-E680-40DA-9E17-319585C26937}
		{C3D4E5F6-A7B8-9012-CDEF-123456789012} = {E6B48023-E680-40DA-9E17-319585C26937}
	EndGlobalSection
	GlobalSection(ExtensibilityGlobals) = postSolution
		SolutionGuid = {E5D6CF8C-4B65-4D68-A6D1-A38A84BB43B4}
	EndGlobalSection
EndGlobal
